
Microsoft Visual Studio Solution File, Format Version 12.00
# Visual Studio 15
VisualStudioVersion = 15.0.27130.2024
MinimumVisualStudioVersion = 10.0.40219.1
Project("{FAE04EC0-301F-11D3-BF4B-00C04F79EFBC}") = "LibrarySystem", "LibrarySystem\LibrarySystem.csproj", "{A0937A53-F26B-406A-B953-AEC3D24C88EE}"
EndProject
Project("{FAE04EC0-301F-11D3-BF4B-00C04F79EFBC}") = "LibraryDataAccess", "LibraryDataAccess\LibraryDataAccess.csproj", "{1585AC8D-0521-4F79-9D72-982E576769D0}"
EndProject
Project("{FAE04EC0-301F-11D3-BF4B-00C04F79EFBC}") = "LibrarySystemServices", "LibrarySystemServices\LibrarySystemServices.csproj", "{6D227442-E289-409C-B8DB-45108266C5DC}"
EndProject
Global
	GlobalSection(SolutionConfigurationPlatforms) = preSolution
		Debug|Any CPU = Debug|Any CPU
		Release|Any CPU = Release|Any CPU
	EndGlobalSection
	GlobalSection(ProjectConfigurationPlatforms) = postSolution
		{A0937A53-F26B-406A-B953-AEC3D24C88EE}.Debug|Any CPU.ActiveCfg = Debug|Any CPU
		{A0937A53-F26B-406A-B953-AEC3D24C88EE}.Debug|Any CPU.Build.0 = Debug|Any CPU
		{A0937A53-F26B-406A-B953-AEC3D24C88EE}.Release|Any CPU.ActiveCfg = Release|Any CPU
		{A0937A53-F26B-406A-B953-AEC3D24C88EE}.Release|Any CPU.Build.0 = Release|Any CPU
		{1585AC8D-0521-4F79-9D72-982E576769D0}.Debug|Any CPU.ActiveCfg = Debug|Any CPU
		{1585AC8D-0521-4F79-9D72-982E576769D0}.Debug|Any CPU.Build.0 = Debug|Any CPU
		{1585AC8D-0521-4F79-9D72-982E576769D0}.Release|Any CPU.ActiveCfg = Release|Any CPU
		{1585AC8D-0521-4F79-9D72-982E576769D0}.Release|Any CPU.Build.0 = Release|Any CPU
		{6D227442-E289-409C-B8DB-45108266C5DC}.Debug|Any CPU.ActiveCfg = Debug|Any CPU
		{6D227442-E289-409C-B8DB-45108266C5DC}.Debug|Any CPU.Build.0 = Debug|Any CPU
		{6D227442-E289-409C-B8DB-45108266C5DC}.Release|Any CPU.ActiveCfg = Release|Any CPU
		{6D227442-E289-409C-B8DB-45108266C5DC}.Release|Any CPU.Build.0 = Release|Any CPU
	EndGlobalSection
	GlobalSection(SolutionProperties) = preSolution
		HideSolutionNode = FALSE
	EndGlobalSection
	GlobalSection(ExtensibilityGlobals) = postSolution
		SolutionGuid = {FC7749FE-8D7F-4B7D-9741-007851969843}
	EndGlobalSection
EndGlobal
